
Microsoft Visual Studio Solution File, Format Version 12.00
# Visual Studio Version 17
VisualStudioVersion = 17.0.31903.59
MinimumVisualStudioVersion = 10.0.40219.1
Project("{2150E333-8FDC-42A3-9474-1A3956D46DE8}") = "Services", "Services", "{8B0B96A6-4EE8-43A1-806A-8B34B22D9F76}"
EndProject
Project("{2150E333-8FDC-42A3-9474-1A3956D46DE8}") = "_Architecture", "_Architecture", "{562F3677-27B8-4803-BE09-587F3138035A}"
EndProject
Project("{2150E333-8FDC-42A3-9474-1A3956D46DE8}") = "Customers", "Customers", "{59AE2DFB-27BA-41D8-96D4-E5C468EA6DA5}"
EndProject
Project("{9A19103F-16F7-4668-BE54-9A1E7A4F7556}") = "Customers.Domain", "Services\Customers\Customers.Domain\Customers.Domain.csproj", "{835772F1-FDBA-4D4C-A3D6-3BD6D6B4EA5C}"
EndProject
Project("{9A19103F-16F7-4668-BE54-9A1E7A4F7556}") = "Customers.Infrastructure", "Services\Customers\Customers.Infrastructure\Customers.Infrastructure.csproj", "{E260BF37-C987-4466-9E60-8A4666F49CB9}"
EndProject
Project("{9A19103F-16F7-4668-BE54-9A1E7A4F7556}") = "Customers.Application", "Services\Customers\Customers.Application\Customers.Application.csproj", "{A498BAB5-C546-499C-B5B9-A1FCCC020046}"
EndProject
Project("{9A19103F-16F7-4668-BE54-9A1E7A4F7556}") = "Customers.Api", "Services\Customers\Customers.Api\Customers.Api.csproj", "{AA7D6DB1-38DE-4BCD-A32D-F5FABC034C58}"
EndProject
Project("{9A19103F-16F7-4668-BE54-9A1E7A4F7556}") = "_Architecture.Domain", "Services\_Architecture\_Architecture.Domain\_Architecture.Domain.csproj", "{7E0672D2-2CEA-424D-9AE4-AA1F1221D7DC}"
EndProject
Project("{9A19103F-16F7-4668-BE54-9A1E7A4F7556}") = "_Architecture.Infrastructure", "Services\_Architecture\_Architecture.Infrastructure\_Architecture.Infrastructure.csproj", "{5637BF21-8236-42EE-A430-34E772B4D5F4}"
EndProject
Project("{9A19103F-16F7-4668-BE54-9A1E7A4F7556}") = "_Architecture.Application", "Services\_Architecture\_Architecture.Application\_Architecture.Application.csproj", "{947BB3BE-A1C2-414E-948D-BAB87283DA19}"
EndProject
Project("{9A19103F-16F7-4668-BE54-9A1E7A4F7556}") = "_Architecture.Api", "Services\_Architecture\_Architecture.Api\_Architecture.Api.csproj", "{18251AB7-BEC8-4CDB-B73B-3F9318EF7B9A}"
EndProject
Global
	GlobalSection(SolutionConfigurationPlatforms) = preSolution
		Debug|Any CPU = Debug|Any CPU
		Release|Any CPU = Release|Any CPU
	EndGlobalSection
	GlobalSection(ProjectConfigurationPlatforms) = postSolution
		{835772F1-FDBA-4D4C-A3D6-3BD6D6B4EA5C}.Debug|Any CPU.ActiveCfg = Debug|Any CPU
		{835772F1-FDBA-4D4C-A3D6-3BD6D6B4EA5C}.Debug|Any CPU.Build.0 = Debug|Any CPU
		{835772F1-FDBA-4D4C-A3D6-3BD6D6B4EA5C}.Release|Any CPU.ActiveCfg = Release|Any CPU
		{835772F1-FDBA-4D4C-A3D6-3BD6D6B4EA5C}.Release|Any CPU.Build.0 = Release|Any CPU
		{E260BF37-C987-4466-9E60-8A4666F49CB9}.Debug|Any CPU.ActiveCfg = Debug|Any CPU
		{E260BF37-C987-4466-9E60-8A4666F49CB9}.Debug|Any CPU.Build.0 = Debug|Any CPU
		{E260BF37-C987-4466-9E60-8A4666F49CB9}.Release|Any CPU.ActiveCfg = Release|Any CPU
		{E260BF37-C987-4466-9E60-8A4666F49CB9}.Release|Any CPU.Build.0 = Release|Any CPU
		{A498BAB5-C546-499C-B5B9-A1FCCC020046}.Debug|Any CPU.ActiveCfg = Debug|Any CPU
		{A498BAB5-C546-499C-B5B9-A1FCCC020046}.Debug|Any CPU.Build.0 = Debug|Any CPU
		{A498BAB5-C546-499C-B5B9-A1FCCC020046}.Release|Any CPU.ActiveCfg = Release|Any CPU
		{A498BAB5-C546-499C-B5B9-A1FCCC020046}.Release|Any CPU.Build.0 = Release|Any CPU
		{AA7D6DB1-38DE-4BCD-A32D-F5FABC034C58}.Debug|Any CPU.ActiveCfg = Debug|Any CPU
		{AA7D6DB1-38DE-4BCD-A32D-F5FABC034C58}.Debug|Any CPU.Build.0 = Debug|Any CPU
		{AA7D6DB1-38DE-4BCD-A32D-F5FABC034C58}.Release|Any CPU.ActiveCfg = Release|Any CPU
		{AA7D6DB1-38DE-4BCD-A32D-F5FABC034C58}.Release|Any CPU.Build.0 = Release|Any CPU
		{7E0672D2-2CEA-424D-9AE4-AA1F1221D7DC}.Debug|Any CPU.ActiveCfg = Debug|Any CPU
		{7E0672D2-2CEA-424D-9AE4-AA1F1221D7DC}.Debug|Any CPU.Build.0 = Debug|Any CPU
		{7E0672D2-2CEA-424D-9AE4-AA1F1221D7DC}.Release|Any CPU.ActiveCfg = Release|Any CPU
		{7E0672D2-2CEA-424D-9AE4-AA1F1221D7DC}.Release|Any CPU.Build.0 = Release|Any CPU
		{5637BF21-8236-42EE-A430-34E772B4D5F4}.Debug|Any CPU.ActiveCfg = Debug|Any CPU
		{5637BF21-8236-42EE-A430-34E772B4D5F4}.Debug|Any CPU.Build.0 = Debug|Any CPU
		{5637BF21-8236-42EE-A430-34E772B4D5F4}.Release|Any CPU.ActiveCfg = Release|Any CPU
		{5637BF21-8236-42EE-A430-34E772B4D5F4}.Release|Any CPU.Build.0 = Release|Any CPU
		{947BB3BE-A1C2-414E-948D-BAB87283DA19}.Debug|Any CPU.ActiveCfg = Debug|Any CPU
		{947BB3BE-A1C2-414E-948D-BAB87283DA19}.Debug|Any CPU.Build.0 = Debug|Any CPU
		{947BB3BE-A1C2-414E-948D-BAB87283DA19}.Release|Any CPU.ActiveCfg = Release|Any CPU
		{947BB3BE-A1C2-414E-948D-BAB87283DA19}.Release|Any CPU.Build.0 = Release|Any CPU
		{18251AB7-BEC8-4CDB-B73B-3F9318EF7B9A}.Debug|Any CPU.ActiveCfg = Debug|Any CPU
		{18251AB7-BEC8-4CDB-B73B-3F9318EF7B9A}.Debug|Any CPU.Build.0 = Debug|Any CPU
		{18251AB7-BEC8-4CDB-B73B-3F9318EF7B9A}.Release|Any CPU.ActiveCfg = Release|Any CPU
		{18251AB7-BEC8-4CDB-B73B-3F9318EF7B9A}.Release|Any CPU.Build.0 = Release|Any CPU
	EndGlobalSection
	GlobalSection(SolutionProperties) = preSolution
		HideSolutionNode = FALSE
	EndGlobalSection
	GlobalSection(NestedProjects) = preSolution
		{562F3677-27B8-4803-BE09-587F3138035A} = {8B0B96A6-4EE8-43A1-806A-8B34B22D9F76}
		{59AE2DFB-27BA-41D8-96D4-E5C468EA6DA5} = {8B0B96A6-4EE8-43A1-806A-8B34B22D9F76}
		{835772F1-FDBA-4D4C-A3D6-3BD6D6B4EA5C} = {59AE2DFB-27BA-41D8-96D4-E5C468EA6DA5}
		{E260BF37-C987-4466-9E60-8A4666F49CB9} = {59AE2DFB-27BA-41D8-96D4-E5C468EA6DA5}
		{A498BAB5-C546-499C-B5B9-A1FCCC020046} = {59AE2DFB-27BA-41D8-96D4-E5C468EA6DA5}
		{AA7D6DB1-38DE-4BCD-A32D-F5FABC034C58} = {59AE2DFB-27BA-41D8-96D4-E5C468EA6DA5}
		{7E0672D2-2CEA-424D-9AE4-AA1F1221D7DC} = {562F3677-27B8-4803-BE09-587F3138035A}
		{5637BF21-8236-42EE-A430-34E772B4D5F4} = {562F3677-27B8-4803-BE09-587F3138035A}
		{947BB3BE-A1C2-414E-948D-BAB87283DA19} = {562F3677-27B8-4803-BE09-587F3138035A}
		{18251AB7-BEC8-4CDB-B73B-3F9318EF7B9A} = {562F3677-27B8-4803-BE09-587F3138035A}
	EndGlobalSection
	GlobalSection(ExtensibilityGlobals) = postSolution
		SolutionGuid = {6089D8D6-A7ED-4E76-AA68-A91BC9AF81F4}
	EndGlobalSection
EndGlobal
